
Microsoft Visual Studio Solution File, Format Version 12.00
# Visual Studio 15
VisualStudioVersion = 15.0.28307.539
MinimumVisualStudioVersion = 10.0.40219.1
Project("{FAE04EC0-301F-11D3-BF4B-00C04F79EFBC}") = "FirstProject", "FirstProject\FirstProject.csproj", "{7D118640-AF3A-40CE-B948-0E29E4465E66}"
EndProject
Global
	GlobalSection(SolutionConfigurationPlatforms) = preSolution
		Debug|Any CPU = Debug|Any CPU
		Release|Any CPU = Release|Any CPU
	EndGlobalSection
	GlobalSection(ProjectConfigurationPlatforms) = postSolution
		{7D118640-AF3A-40CE-B948-0E29E4465E66}.Debug|Any CPU.ActiveCfg = Debug|Any CPU
		{7D118640-AF3A-40CE-B948-0E29E4465E66}.Debug|Any CPU.Build.0 = Debug|Any CPU
		{7D118640-AF3A-40CE-B948-0E29E4465E66}.Release|Any CPU.ActiveCfg = Release|Any CPU
		{7D118640-AF3A-40CE-B948-0E29E4465E66}.Release|Any CPU.Build.0 = Release|Any CPU
	EndGlobalSection
	GlobalSection(SolutionProperties) = preSolution
		HideSolutionNode = FALSE
	EndGlobalSection
	GlobalSection(ExtensibilityGlobals) = postSolution
		SolutionGuid = {8D5029C5-94DA-4180-98AC-C0B3EBE669E6}
	EndGlobalSection
EndGlobal
